// !$*UTF8*$!
{
	archiveVersion = 1;
	classes = {
	};
	objectVersion = 48;
	objects = {

/* Begin PBXBuildFile section */
		610E889FCC684EA9D8F38CAE /* Pods_Go_Fitness.framework in Frameworks */ = {isa = PBXBuildFile; fileRef = 619F989ED71DA3B5232C515F /* Pods_Go_Fitness.framework */; };
		6B68B2CD2EA056C366297BBA /* Pods_Go_FitnessTests.framework in Frameworks */ = {isa = PBXBuildFile; fileRef = B33A7228B6EF7F9988957B8B /* Pods_Go_FitnessTests.framework */; };
		9E604D80B3F2592D1D86EE52 /* Pods_Go_FitnessUITests.framework in Frameworks */ = {isa = PBXBuildFile; fileRef = B04337167B863D4D8DB018C0 /* Pods_Go_FitnessUITests.framework */; };
		B22C6CF42066F69A00768BCC /* GoogleService-Info.plist in Resources */ = {isa = PBXBuildFile; fileRef = B22C6CF32066F69A00768BCC /* GoogleService-Info.plist */; };
		B22C6CF62069BDDA00768BCC /* CalculateBMI.swift in Sources */ = {isa = PBXBuildFile; fileRef = B22C6CF52069BDDA00768BCC /* CalculateBMI.swift */; };
		B22C6CF82069C2B500768BCC /* CalculateCalorie.swift in Sources */ = {isa = PBXBuildFile; fileRef = B22C6CF72069C2B500768BCC /* CalculateCalorie.swift */; };
		B22C6CFC206AE8D000768BCC /* SearchViewController.swift in Sources */ = {isa = PBXBuildFile; fileRef = B22C6CFB206AE8D000768BCC /* SearchViewController.swift */; };
		B251BBA8206D97F500D944A4 /* VideosTableViewController.swift in Sources */ = {isa = PBXBuildFile; fileRef = B251BBA7206D97F500D944A4 /* VideosTableViewController.swift */; };
		B251BBAA206D98B300D944A4 /* YoutubeDataTableViewCell.swift in Sources */ = {isa = PBXBuildFile; fileRef = B251BBA9206D98B300D944A4 /* YoutubeDataTableViewCell.swift */; };
		B254E2F22076B7C000FA77A8 /* AddCaloriesViewController.swift in Sources */ = {isa = PBXBuildFile; fileRef = B254E2F12076B7C000FA77A8 /* AddCaloriesViewController.swift */; };
		B26F0A29206F14AE003DD375 /* ProgressViewController.swift in Sources */ = {isa = PBXBuildFile; fileRef = B26F0A28206F14AE003DD375 /* ProgressViewController.swift */; };
		B2832DD120744ED00093418E /* CaloriesViewController.swift in Sources */ = {isa = PBXBuildFile; fileRef = B2832DD020744ED00093418E /* CaloriesViewController.swift */; };
		B2832DD3207458C80093418E /* Food.swift in Sources */ = {isa = PBXBuildFile; fileRef = B2832DD2207458C80093418E /* Food.swift */; };
		B2A0F571206B04FB0012877B /* Place.swift in Sources */ = {isa = PBXBuildFile; fileRef = B2A0F570206B04FB0012877B /* Place.swift */; };
		B2A0F573206B06360012877B /* RecentPlacesDeck.swift in Sources */ = {isa = PBXBuildFile; fileRef = B2A0F572206B06360012877B /* RecentPlacesDeck.swift */; };
		B2A0F576206D6AE50012877B /* WorkoutTableViewController.swift in Sources */ = {isa = PBXBuildFile; fileRef = B2A0F575206D6AE50012877B /* WorkoutTableViewController.swift */; };
		B2C5439C2072AEC2004CA05B /* Steps.swift in Sources */ = {isa = PBXBuildFile; fileRef = B2C5439B2072AEC2004CA05B /* Steps.swift */; };
		B2F4D575207951CE00BA5884 /* Assets.xcassets in Resources */ = {isa = PBXBuildFile; fileRef = B2F4D574207951CE00BA5884 /* Assets.xcassets */; };
		B970E3252062BF9800CA9265 /* AppDelegate.swift in Sources */ = {isa = PBXBuildFile; fileRef = B970E3242062BF9800CA9265 /* AppDelegate.swift */; };
		B970E3272062BF9800CA9265 /* SignInViewController.swift in Sources */ = {isa = PBXBuildFile; fileRef = B970E3262062BF9800CA9265 /* SignInViewController.swift */; };
		B970E32A2062BF9800CA9265 /* Main.storyboard in Resources */ = {isa = PBXBuildFile; fileRef = B970E3282062BF9800CA9265 /* Main.storyboard */; };
		B970E32F2062BF9800CA9265 /* LaunchScreen.storyboard in Resources */ = {isa = PBXBuildFile; fileRef = B970E32D2062BF9800CA9265 /* LaunchScreen.storyboard */; };
		B970E33A2062BF9800CA9265 /* Go_FitnessTests.swift in Sources */ = {isa = PBXBuildFile; fileRef = B970E3392062BF9800CA9265 /* Go_FitnessTests.swift */; };
		B970E3452062BF9800CA9265 /* Go_FitnessUITests.swift in Sources */ = {isa = PBXBuildFile; fileRef = B970E3442062BF9800CA9265 /* Go_FitnessUITests.swift */; };
		B970E3532062C80400CA9265 /* SignUpViewController.swift in Sources */ = {isa = PBXBuildFile; fileRef = B970E3522062C80400CA9265 /* SignUpViewController.swift */; };
		B9D4147B20645CE4004A54B6 /* ProfileViewController.swift in Sources */ = {isa = PBXBuildFile; fileRef = B9D4147A20645CE4004A54B6 /* ProfileViewController.swift */; };
/* End PBXBuildFile section */

/* Begin PBXContainerItemProxy section */
		B970E3362062BF9800CA9265 /* PBXContainerItemProxy */ = {
			isa = PBXContainerItemProxy;
			containerPortal = B970E3192062BF9700CA9265 /* Project object */;
			proxyType = 1;
			remoteGlobalIDString = B970E3202062BF9700CA9265;
			remoteInfo = "Go Fitness";
		};
		B970E3412062BF9800CA9265 /* PBXContainerItemProxy */ = {
			isa = PBXContainerItemProxy;
			containerPortal = B970E3192062BF9700CA9265 /* Project object */;
			proxyType = 1;
			remoteGlobalIDString = B970E3202062BF9700CA9265;
			remoteInfo = "Go Fitness";
		};
/* End PBXContainerItemProxy section */

/* Begin PBXFileReference section */
		2087DA9D028FFA8F4FC5A75D /* Pods-Go FitnessUITests.debug.xcconfig */ = {isa = PBXFileReference; includeInIndex = 1; lastKnownFileType = text.xcconfig; name = "Pods-Go FitnessUITests.debug.xcconfig"; path = "Pods/Target Support Files/Pods-Go FitnessUITests/Pods-Go FitnessUITests.debug.xcconfig"; sourceTree = "<group>"; };
		2CEEA7BE64F1119CD48B7773 /* Pods-Go Fitness.release.xcconfig */ = {isa = PBXFileReference; includeInIndex = 1; lastKnownFileType = text.xcconfig; name = "Pods-Go Fitness.release.xcconfig"; path = "Pods/Target Support Files/Pods-Go Fitness/Pods-Go Fitness.release.xcconfig"; sourceTree = "<group>"; };
		487E2F41835F350F379A8A11 /* Pods-Go Fitness.debug.xcconfig */ = {isa = PBXFileReference; includeInIndex = 1; lastKnownFileType = text.xcconfig; name = "Pods-Go Fitness.debug.xcconfig"; path = "Pods/Target Support Files/Pods-Go Fitness/Pods-Go Fitness.debug.xcconfig"; sourceTree = "<group>"; };
		619F989ED71DA3B5232C515F /* Pods_Go_Fitness.framework */ = {isa = PBXFileReference; explicitFileType = wrapper.framework; includeInIndex = 0; path = Pods_Go_Fitness.framework; sourceTree = BUILT_PRODUCTS_DIR; };
		757BCF6852CD351BF39416DA /* Pods-Go FitnessTests.release.xcconfig */ = {isa = PBXFileReference; includeInIndex = 1; lastKnownFileType = text.xcconfig; name = "Pods-Go FitnessTests.release.xcconfig"; path = "Pods/Target Support Files/Pods-Go FitnessTests/Pods-Go FitnessTests.release.xcconfig"; sourceTree = "<group>"; };
		8DC1D76C40282C802CC7FA1F /* Pods-Go FitnessTests.debug.xcconfig */ = {isa = PBXFileReference; includeInIndex = 1; lastKnownFileType = text.xcconfig; name = "Pods-Go FitnessTests.debug.xcconfig"; path = "Pods/Target Support Files/Pods-Go FitnessTests/Pods-Go FitnessTests.debug.xcconfig"; sourceTree = "<group>"; };
		B04337167B863D4D8DB018C0 /* Pods_Go_FitnessUITests.framework */ = {isa = PBXFileReference; explicitFileType = wrapper.framework; includeInIndex = 0; path = Pods_Go_FitnessUITests.framework; sourceTree = BUILT_PRODUCTS_DIR; };
		B22C6CF32066F69A00768BCC /* GoogleService-Info.plist */ = {isa = PBXFileReference; fileEncoding = 4; lastKnownFileType = text.plist.xml; path = "GoogleService-Info.plist"; sourceTree = "<group>"; };
		B22C6CF52069BDDA00768BCC /* CalculateBMI.swift */ = {isa = PBXFileReference; lastKnownFileType = sourcecode.swift; path = CalculateBMI.swift; sourceTree = "<group>"; };
		B22C6CF72069C2B500768BCC /* CalculateCalorie.swift */ = {isa = PBXFileReference; lastKnownFileType = sourcecode.swift; path = CalculateCalorie.swift; sourceTree = "<group>"; };
		B22C6CFB206AE8D000768BCC /* SearchViewController.swift */ = {isa = PBXFileReference; lastKnownFileType = sourcecode.swift; path = SearchViewController.swift; sourceTree = "<group>"; };
		B251BBA7206D97F500D944A4 /* VideosTableViewController.swift */ = {isa = PBXFileReference; lastKnownFileType = sourcecode.swift; path = VideosTableViewController.swift; sourceTree = "<group>"; };
		B251BBA9206D98B300D944A4 /* YoutubeDataTableViewCell.swift */ = {isa = PBXFileReference; lastKnownFileType = sourcecode.swift; path = YoutubeDataTableViewCell.swift; sourceTree = "<group>"; };
		B254E2F12076B7C000FA77A8 /* AddCaloriesViewController.swift */ = {isa = PBXFileReference; lastKnownFileType = sourcecode.swift; path = AddCaloriesViewController.swift; sourceTree = "<group>"; };
		B26F0A28206F14AE003DD375 /* ProgressViewController.swift */ = {isa = PBXFileReference; lastKnownFileType = sourcecode.swift; path = ProgressViewController.swift; sourceTree = "<group>"; };
		B2832DD020744ED00093418E /* CaloriesViewController.swift */ = {isa = PBXFileReference; lastKnownFileType = sourcecode.swift; path = CaloriesViewController.swift; sourceTree = "<group>"; };
		B2832DD2207458C80093418E /* Food.swift */ = {isa = PBXFileReference; lastKnownFileType = sourcecode.swift; path = Food.swift; sourceTree = "<group>"; };
		B2A0F570206B04FB0012877B /* Place.swift */ = {isa = PBXFileReference; lastKnownFileType = sourcecode.swift; path = Place.swift; sourceTree = "<group>"; };
		B2A0F572206B06360012877B /* RecentPlacesDeck.swift */ = {isa = PBXFileReference; lastKnownFileType = sourcecode.swift; path = RecentPlacesDeck.swift; sourceTree = "<group>"; };
		B2A0F575206D6AE50012877B /* WorkoutTableViewController.swift */ = {isa = PBXFileReference; lastKnownFileType = sourcecode.swift; path = WorkoutTableViewController.swift; sourceTree = "<group>"; };
		B2C5439B2072AEC2004CA05B /* Steps.swift */ = {isa = PBXFileReference; lastKnownFileType = sourcecode.swift; path = Steps.swift; sourceTree = "<group>"; };
		B2F4D574207951CE00BA5884 /* Assets.xcassets */ = {isa = PBXFileReference; lastKnownFileType = folder.assetcatalog; path = Assets.xcassets; sourceTree = "<group>"; };
		B33A7228B6EF7F9988957B8B /* Pods_Go_FitnessTests.framework */ = {isa = PBXFileReference; explicitFileType = wrapper.framework; includeInIndex = 0; path = Pods_Go_FitnessTests.framework; sourceTree = BUILT_PRODUCTS_DIR; };
		B970E3212062BF9700CA9265 /* Go Fitness.app */ = {isa = PBXFileReference; explicitFileType = wrapper.application; includeInIndex = 0; path = "Go Fitness.app"; sourceTree = BUILT_PRODUCTS_DIR; };
		B970E3242062BF9800CA9265 /* AppDelegate.swift */ = {isa = PBXFileReference; lastKnownFileType = sourcecode.swift; path = AppDelegate.swift; sourceTree = "<group>"; };
		B970E3262062BF9800CA9265 /* SignInViewController.swift */ = {isa = PBXFileReference; lastKnownFileType = sourcecode.swift; path = SignInViewController.swift; sourceTree = "<group>"; };
		B970E3292062BF9800CA9265 /* Base */ = {isa = PBXFileReference; lastKnownFileType = file.storyboard; name = Base; path = Base.lproj/Main.storyboard; sourceTree = "<group>"; };
		B970E32E2062BF9800CA9265 /* Base */ = {isa = PBXFileReference; lastKnownFileType = file.storyboard; name = Base; path = Base.lproj/LaunchScreen.storyboard; sourceTree = "<group>"; };
		B970E3302062BF9800CA9265 /* Info.plist */ = {isa = PBXFileReference; lastKnownFileType = text.plist.xml; path = Info.plist; sourceTree = "<group>"; };
		B970E3352062BF9800CA9265 /* Go FitnessTests.xctest */ = {isa = PBXFileReference; explicitFileType = wrapper.cfbundle; includeInIndex = 0; path = "Go FitnessTests.xctest"; sourceTree = BUILT_PRODUCTS_DIR; };
		B970E3392062BF9800CA9265 /* Go_FitnessTests.swift */ = {isa = PBXFileReference; lastKnownFileType = sourcecode.swift; path = Go_FitnessTests.swift; sourceTree = "<group>"; };
		B970E33B2062BF9800CA9265 /* Info.plist */ = {isa = PBXFileReference; lastKnownFileType = text.plist.xml; path = Info.plist; sourceTree = "<group>"; };
		B970E3402062BF9800CA9265 /* Go FitnessUITests.xctest */ = {isa = PBXFileReference; explicitFileType = wrapper.cfbundle; includeInIndex = 0; path = "Go FitnessUITests.xctest"; sourceTree = BUILT_PRODUCTS_DIR; };
		B970E3442062BF9800CA9265 /* Go_FitnessUITests.swift */ = {isa = PBXFileReference; lastKnownFileType = sourcecode.swift; path = Go_FitnessUITests.swift; sourceTree = "<group>"; };
		B970E3462062BF9800CA9265 /* Info.plist */ = {isa = PBXFileReference; lastKnownFileType = text.plist.xml; path = Info.plist; sourceTree = "<group>"; };
		B970E3522062C80400CA9265 /* SignUpViewController.swift */ = {isa = PBXFileReference; lastKnownFileType = sourcecode.swift; path = SignUpViewController.swift; sourceTree = "<group>"; };
		B9D4147A20645CE4004A54B6 /* ProfileViewController.swift */ = {isa = PBXFileReference; lastKnownFileType = sourcecode.swift; path = ProfileViewController.swift; sourceTree = "<group>"; };
		ECD368AC98BC5AC5F76C7178 /* Pods-Go FitnessUITests.release.xcconfig */ = {isa = PBXFileReference; includeInIndex = 1; lastKnownFileType = text.xcconfig; name = "Pods-Go FitnessUITests.release.xcconfig"; path = "Pods/Target Support Files/Pods-Go FitnessUITests/Pods-Go FitnessUITests.release.xcconfig"; sourceTree = "<group>"; };
/* End PBXFileReference section */

/* Begin PBXFrameworksBuildPhase section */
		B970E31E2062BF9700CA9265 /* Frameworks */ = {
			isa = PBXFrameworksBuildPhase;
			buildActionMask = 2147483647;
			files = (
				610E889FCC684EA9D8F38CAE /* Pods_Go_Fitness.framework in Frameworks */,
			);
			runOnlyForDeploymentPostprocessing = 0;
		};
		B970E3322062BF9800CA9265 /* Frameworks */ = {
			isa = PBXFrameworksBuildPhase;
			buildActionMask = 2147483647;
			files = (
				6B68B2CD2EA056C366297BBA /* Pods_Go_FitnessTests.framework in Frameworks */,
			);
			runOnlyForDeploymentPostprocessing = 0;
		};
		B970E33D2062BF9800CA9265 /* Frameworks */ = {
			isa = PBXFrameworksBuildPhase;
			buildActionMask = 2147483647;
			files = (
				9E604D80B3F2592D1D86EE52 /* Pods_Go_FitnessUITests.framework in Frameworks */,
			);
			runOnlyForDeploymentPostprocessing = 0;
		};
/* End PBXFrameworksBuildPhase section */

/* Begin PBXGroup section */
		7C646414BAE54EF0BF358831 /* Pods */ = {
			isa = PBXGroup;
			children = (
				487E2F41835F350F379A8A11 /* Pods-Go Fitness.debug.xcconfig */,
				2CEEA7BE64F1119CD48B7773 /* Pods-Go Fitness.release.xcconfig */,
				8DC1D76C40282C802CC7FA1F /* Pods-Go FitnessTests.debug.xcconfig */,
				757BCF6852CD351BF39416DA /* Pods-Go FitnessTests.release.xcconfig */,
				2087DA9D028FFA8F4FC5A75D /* Pods-Go FitnessUITests.debug.xcconfig */,
				ECD368AC98BC5AC5F76C7178 /* Pods-Go FitnessUITests.release.xcconfig */,
			);
			name = Pods;
			sourceTree = "<group>";
		};
		8997865C670450571A7A514E /* Frameworks */ = {
			isa = PBXGroup;
			children = (
				619F989ED71DA3B5232C515F /* Pods_Go_Fitness.framework */,
				B33A7228B6EF7F9988957B8B /* Pods_Go_FitnessTests.framework */,
				B04337167B863D4D8DB018C0 /* Pods_Go_FitnessUITests.framework */,
			);
			name = Frameworks;
			sourceTree = "<group>";
		};
		B970E3182062BF9700CA9265 = {
			isa = PBXGroup;
			children = (
				B970E3232062BF9700CA9265 /* Go Fitness */,
				B970E3382062BF9800CA9265 /* Go FitnessTests */,
				B970E3432062BF9800CA9265 /* Go FitnessUITests */,
				B970E3222062BF9700CA9265 /* Products */,
				7C646414BAE54EF0BF358831 /* Pods */,
				8997865C670450571A7A514E /* Frameworks */,
			);
			sourceTree = "<group>";
		};
		B970E3222062BF9700CA9265 /* Products */ = {
			isa = PBXGroup;
			children = (
				B970E3212062BF9700CA9265 /* Go Fitness.app */,
				B970E3352062BF9800CA9265 /* Go FitnessTests.xctest */,
				B970E3402062BF9800CA9265 /* Go FitnessUITests.xctest */,
			);
			name = Products;
			sourceTree = "<group>";
		};
		B970E3232062BF9700CA9265 /* Go Fitness */ = {
			isa = PBXGroup;
			children = (
				B970E3242062BF9800CA9265 /* AppDelegate.swift */,
				B970E3262062BF9800CA9265 /* SignInViewController.swift */,
				B970E3282062BF9800CA9265 /* Main.storyboard */,
				B970E32D2062BF9800CA9265 /* LaunchScreen.storyboard */,
				B970E3302062BF9800CA9265 /* Info.plist */,
				B970E3522062C80400CA9265 /* SignUpViewController.swift */,
				B9D4147A20645CE4004A54B6 /* ProfileViewController.swift */,
				B22C6CF32066F69A00768BCC /* GoogleService-Info.plist */,
				B22C6CF52069BDDA00768BCC /* CalculateBMI.swift */,
				B2F4D574207951CE00BA5884 /* Assets.xcassets */,
				B22C6CF72069C2B500768BCC /* CalculateCalorie.swift */,
				B22C6CFB206AE8D000768BCC /* SearchViewController.swift */,
				B2A0F570206B04FB0012877B /* Place.swift */,
				B2A0F572206B06360012877B /* RecentPlacesDeck.swift */,
				B2A0F575206D6AE50012877B /* WorkoutTableViewController.swift */,
				B251BBA7206D97F500D944A4 /* VideosTableViewController.swift */,
				B251BBA9206D98B300D944A4 /* YoutubeDataTableViewCell.swift */,
				B26F0A28206F14AE003DD375 /* ProgressViewController.swift */,
				B2C5439B2072AEC2004CA05B /* Steps.swift */,
				B2832DD020744ED00093418E /* CaloriesViewController.swift */,
				B2832DD2207458C80093418E /* Food.swift */,
				B254E2F12076B7C000FA77A8 /* AddCaloriesViewController.swift */,
			);
			path = "Go Fitness";
			sourceTree = "<group>";
		};
		B970E3382062BF9800CA9265 /* Go FitnessTests */ = {
			isa = PBXGroup;
			children = (
				B970E3392062BF9800CA9265 /* Go_FitnessTests.swift */,
				B970E33B2062BF9800CA9265 /* Info.plist */,
			);
			path = "Go FitnessTests";
			sourceTree = "<group>";
		};
		B970E3432062BF9800CA9265 /* Go FitnessUITests */ = {
			isa = PBXGroup;
			children = (
				B970E3442062BF9800CA9265 /* Go_FitnessUITests.swift */,
				B970E3462062BF9800CA9265 /* Info.plist */,
			);
			path = "Go FitnessUITests";
			sourceTree = "<group>";
		};
/* End PBXGroup section */

/* Begin PBXNativeTarget section */
		B970E3202062BF9700CA9265 /* Go Fitness */ = {
			isa = PBXNativeTarget;
			buildConfigurationList = B970E3492062BF9800CA9265 /* Build configuration list for PBXNativeTarget "Go Fitness" */;
			buildPhases = (
				E3065DA2B687F8E7734ECA4E /* [CP] Check Pods Manifest.lock */,
				B970E31D2062BF9700CA9265 /* Sources */,
				B970E31E2062BF9700CA9265 /* Frameworks */,
				B970E31F2062BF9700CA9265 /* Resources */,
				CB89C7BD13BDF2B66B4257D5 /* [CP] Embed Pods Frameworks */,
				B9F77730F4E1998FF4A330EC /* [CP] Copy Pods Resources */,
			);
			buildRules = (
			);
			dependencies = (
			);
			name = "Go Fitness";
			productName = "Go Fitness";
			productReference = B970E3212062BF9700CA9265 /* Go Fitness.app */;
			productType = "com.apple.product-type.application";
		};
		B970E3342062BF9800CA9265 /* Go FitnessTests */ = {
			isa = PBXNativeTarget;
			buildConfigurationList = B970E34C2062BF9800CA9265 /* Build configuration list for PBXNativeTarget "Go FitnessTests" */;
			buildPhases = (
				1F974054620BFBE1C4537DF2 /* [CP] Check Pods Manifest.lock */,
				B970E3312062BF9800CA9265 /* Sources */,
				B970E3322062BF9800CA9265 /* Frameworks */,
				B970E3332062BF9800CA9265 /* Resources */,
				08CD9ADB0ABE412992C05D99 /* [CP] Embed Pods Frameworks */,
				4D390684E8F269625B587C58 /* [CP] Copy Pods Resources */,
			);
			buildRules = (
			);
			dependencies = (
				B970E3372062BF9800CA9265 /* PBXTargetDependency */,
			);
			name = "Go FitnessTests";
			productName = "Go FitnessTests";
			productReference = B970E3352062BF9800CA9265 /* Go FitnessTests.xctest */;
			productType = "com.apple.product-type.bundle.unit-test";
		};
		B970E33F2062BF9800CA9265 /* Go FitnessUITests */ = {
			isa = PBXNativeTarget;
			buildConfigurationList = B970E34F2062BF9800CA9265 /* Build configuration list for PBXNativeTarget "Go FitnessUITests" */;
			buildPhases = (
				1A1D41439E5050D41598C1B7 /* [CP] Check Pods Manifest.lock */,
				B970E33C2062BF9800CA9265 /* Sources */,
				B970E33D2062BF9800CA9265 /* Frameworks */,
				B970E33E2062BF9800CA9265 /* Resources */,
				077DABEE52DD522B9E06E50D /* [CP] Embed Pods Frameworks */,
				3A32511E103FD3C1358CD429 /* [CP] Copy Pods Resources */,
			);
			buildRules = (
			);
			dependencies = (
				B970E3422062BF9800CA9265 /* PBXTargetDependency */,
			);
			name = "Go FitnessUITests";
			productName = "Go FitnessUITests";
			productReference = B970E3402062BF9800CA9265 /* Go FitnessUITests.xctest */;
			productType = "com.apple.product-type.bundle.ui-testing";
		};
/* End PBXNativeTarget section */

/* Begin PBXProject section */
		B970E3192062BF9700CA9265 /* Project object */ = {
			isa = PBXProject;
			attributes = {
				LastSwiftUpdateCheck = 0920;
				LastUpgradeCheck = 0920;
				TargetAttributes = {
					B970E3202062BF9700CA9265 = {
						CreatedOnToolsVersion = 9.2;
						ProvisioningStyle = Automatic;
					};
					B970E3342062BF9800CA9265 = {
						CreatedOnToolsVersion = 9.2;
						ProvisioningStyle = Automatic;
						TestTargetID = B970E3202062BF9700CA9265;
					};
					B970E33F2062BF9800CA9265 = {
						CreatedOnToolsVersion = 9.2;
						ProvisioningStyle = Automatic;
						TestTargetID = B970E3202062BF9700CA9265;
					};
				};
			};
			buildConfigurationList = B970E31C2062BF9700CA9265 /* Build configuration list for PBXProject "Go Fitness" */;
			compatibilityVersion = "Xcode 8.0";
			developmentRegion = en;
			hasScannedForEncodings = 0;
			knownRegions = (
				en,
				Base,
			);
			mainGroup = B970E3182062BF9700CA9265;
			productRefGroup = B970E3222062BF9700CA9265 /* Products */;
			projectDirPath = "";
			projectRoot = "";
			targets = (
				B970E3202062BF9700CA9265 /* Go Fitness */,
				B970E3342062BF9800CA9265 /* Go FitnessTests */,
				B970E33F2062BF9800CA9265 /* Go FitnessUITests */,
			);
		};
/* End PBXProject section */

/* Begin PBXResourcesBuildPhase section */
		B970E31F2062BF9700CA9265 /* Resources */ = {
			isa = PBXResourcesBuildPhase;
			buildActionMask = 2147483647;
			files = (
				B970E32F2062BF9800CA9265 /* LaunchScreen.storyboard in Resources */,
				B22C6CF42066F69A00768BCC /* GoogleService-Info.plist in Resources */,
				B2F4D575207951CE00BA5884 /* Assets.xcassets in Resources */,
				B970E32A2062BF9800CA9265 /* Main.storyboard in Resources */,
			);
			runOnlyForDeploymentPostprocessing = 0;
		};
		B970E3332062BF9800CA9265 /* Resources */ = {
			isa = PBXResourcesBuildPhase;
			buildActionMask = 2147483647;
			files = (
			);
			runOnlyForDeploymentPostprocessing = 0;
		};
		B970E33E2062BF9800CA9265 /* Resources */ = {
			isa = PBXResourcesBuildPhase;
			buildActionMask = 2147483647;
			files = (
			);
			runOnlyForDeploymentPostprocessing = 0;
		};
/* End PBXResourcesBuildPhase section */

/* Begin PBXShellScriptBuildPhase section */
		077DABEE52DD522B9E06E50D /* [CP] Embed Pods Frameworks */ = {
			isa = PBXShellScriptBuildPhase;
			buildActionMask = 2147483647;
			files = (
			);
			inputPaths = (
			);
			name = "[CP] Embed Pods Frameworks";
			outputPaths = (
			);
			runOnlyForDeploymentPostprocessing = 0;
			shellPath = /bin/sh;
			shellScript = "\"${SRCROOT}/Pods/Target Support Files/Pods-Go FitnessUITests/Pods-Go FitnessUITests-frameworks.sh\"\n";
			showEnvVarsInLog = 0;
		};
		08CD9ADB0ABE412992C05D99 /* [CP] Embed Pods Frameworks */ = {
			isa = PBXShellScriptBuildPhase;
			buildActionMask = 2147483647;
			files = (
			);
			inputPaths = (
			);
			name = "[CP] Embed Pods Frameworks";
			outputPaths = (
			);
			runOnlyForDeploymentPostprocessing = 0;
			shellPath = /bin/sh;
			shellScript = "\"${SRCROOT}/Pods/Target Support Files/Pods-Go FitnessTests/Pods-Go FitnessTests-frameworks.sh\"\n";
			showEnvVarsInLog = 0;
		};
		1A1D41439E5050D41598C1B7 /* [CP] Check Pods Manifest.lock */ = {
			isa = PBXShellScriptBuildPhase;
			buildActionMask = 2147483647;
			files = (
			);
			inputPaths = (
				"${PODS_PODFILE_DIR_PATH}/Podfile.lock",
				"${PODS_ROOT}/Manifest.lock",
			);
			name = "[CP] Check Pods Manifest.lock";
			outputPaths = (
				"$(DERIVED_FILE_DIR)/Pods-Go FitnessUITests-checkManifestLockResult.txt",
			);
			runOnlyForDeploymentPostprocessing = 0;
			shellPath = /bin/sh;
			shellScript = "diff \"${PODS_PODFILE_DIR_PATH}/Podfile.lock\" \"${PODS_ROOT}/Manifest.lock\" > /dev/null\nif [ $? != 0 ] ; then\n    # print error to STDERR\n    echo \"error: The sandbox is not in sync with the Podfile.lock. Run 'pod install' or update your CocoaPods installation.\" >&2\n    exit 1\nfi\n# This output is used by Xcode 'outputs' to avoid re-running this script phase.\necho \"SUCCESS\" > \"${SCRIPT_OUTPUT_FILE_0}\"\n";
			showEnvVarsInLog = 0;
		};
		1F974054620BFBE1C4537DF2 /* [CP] Check Pods Manifest.lock */ = {
			isa = PBXShellScriptBuildPhase;
			buildActionMask = 2147483647;
			files = (
			);
			inputPaths = (
				"${PODS_PODFILE_DIR_PATH}/Podfile.lock",
				"${PODS_ROOT}/Manifest.lock",
			);
			name = "[CP] Check Pods Manifest.lock";
			outputPaths = (
				"$(DERIVED_FILE_DIR)/Pods-Go FitnessTests-checkManifestLockResult.txt",
			);
			runOnlyForDeploymentPostprocessing = 0;
			shellPath = /bin/sh;
			shellScript = "diff \"${PODS_PODFILE_DIR_PATH}/Podfile.lock\" \"${PODS_ROOT}/Manifest.lock\" > /dev/null\nif [ $? != 0 ] ; then\n    # print error to STDERR\n    echo \"error: The sandbox is not in sync with the Podfile.lock. Run 'pod install' or update your CocoaPods installation.\" >&2\n    exit 1\nfi\n# This output is used by Xcode 'outputs' to avoid re-running this script phase.\necho \"SUCCESS\" > \"${SCRIPT_OUTPUT_FILE_0}\"\n";
			showEnvVarsInLog = 0;
		};
		3A32511E103FD3C1358CD429 /* [CP] Copy Pods Resources */ = {
			isa = PBXShellScriptBuildPhase;
			buildActionMask = 2147483647;
			files = (
			);
			inputPaths = (
			);
			name = "[CP] Copy Pods Resources";
			outputPaths = (
			);
			runOnlyForDeploymentPostprocessing = 0;
			shellPath = /bin/sh;
			shellScript = "\"${SRCROOT}/Pods/Target Support Files/Pods-Go FitnessUITests/Pods-Go FitnessUITests-resources.sh\"\n";
			showEnvVarsInLog = 0;
		};
		4D390684E8F269625B587C58 /* [CP] Copy Pods Resources */ = {
			isa = PBXShellScriptBuildPhase;
			buildActionMask = 2147483647;
			files = (
			);
			inputPaths = (
			);
			name = "[CP] Copy Pods Resources";
			outputPaths = (
			);
			runOnlyForDeploymentPostprocessing = 0;
			shellPath = /bin/sh;
			shellScript = "\"${SRCROOT}/Pods/Target Support Files/Pods-Go FitnessTests/Pods-Go FitnessTests-resources.sh\"\n";
			showEnvVarsInLog = 0;
		};
		B9F77730F4E1998FF4A330EC /* [CP] Copy Pods Resources */ = {
			isa = PBXShellScriptBuildPhase;
			buildActionMask = 2147483647;
			files = (
			);
			inputPaths = (
				"${SRCROOT}/Pods/Target Support Files/Pods-Go Fitness/Pods-Go Fitness-resources.sh",
				"${PODS_ROOT}/GoogleMaps/Maps/Frameworks/GoogleMaps.framework/Resources/GoogleMaps.bundle",
				"${PODS_ROOT}/GooglePlacePicker/Frameworks/GooglePlacePicker.framework/Resources/GooglePlacePicker.bundle",
				"${PODS_ROOT}/GooglePlaces/Frameworks/GooglePlaces.framework/Resources/GooglePlaces.bundle",
			);
			name = "[CP] Copy Pods Resources";
			outputPaths = (
				"${TARGET_BUILD_DIR}/${UNLOCALIZED_RESOURCES_FOLDER_PATH}/GoogleMaps.bundle",
				"${TARGET_BUILD_DIR}/${UNLOCALIZED_RESOURCES_FOLDER_PATH}/GooglePlacePicker.bundle",
				"${TARGET_BUILD_DIR}/${UNLOCALIZED_RESOURCES_FOLDER_PATH}/GooglePlaces.bundle",
			);
			runOnlyForDeploymentPostprocessing = 0;
			shellPath = /bin/sh;
			shellScript = "\"${SRCROOT}/Pods/Target Support Files/Pods-Go Fitness/Pods-Go Fitness-resources.sh\"\n";
			showEnvVarsInLog = 0;
		};
		CB89C7BD13BDF2B66B4257D5 /* [CP] Embed Pods Frameworks */ = {
			isa = PBXShellScriptBuildPhase;
			buildActionMask = 2147483647;
			files = (
			);
			inputPaths = (
				"${SRCROOT}/Pods/Target Support Files/Pods-Go Fitness/Pods-Go Fitness-frameworks.sh",
				"${BUILT_PRODUCTS_DIR}/Bolts/Bolts.framework",
				"${BUILT_PRODUCTS_DIR}/Charts/Charts.framework",
				"${BUILT_PRODUCTS_DIR}/FBSDKCoreKit/FBSDKCoreKit.framework",
				"${BUILT_PRODUCTS_DIR}/FBSDKLoginKit/FBSDKLoginKit.framework",
				"${BUILT_PRODUCTS_DIR}/GTMSessionFetcher/GTMSessionFetcher.framework",
				"${BUILT_PRODUCTS_DIR}/GoogleToolboxForMac/GoogleToolboxForMac.framework",
				"${BUILT_PRODUCTS_DIR}/leveldb-library/leveldb.framework",
				"${BUILT_PRODUCTS_DIR}/nanopb/nanopb.framework",
			);
			name = "[CP] Embed Pods Frameworks";
			outputPaths = (
				"${TARGET_BUILD_DIR}/${FRAMEWORKS_FOLDER_PATH}/Bolts.framework",
				"${TARGET_BUILD_DIR}/${FRAMEWORKS_FOLDER_PATH}/Charts.framework",
				"${TARGET_BUILD_DIR}/${FRAMEWORKS_FOLDER_PATH}/FBSDKCoreKit.framework",
				"${TARGET_BUILD_DIR}/${FRAMEWORKS_FOLDER_PATH}/FBSDKLoginKit.framework",
				"${TARGET_BUILD_DIR}/${FRAMEWORKS_FOLDER_PATH}/GTMSessionFetcher.framework",
				"${TARGET_BUILD_DIR}/${FRAMEWORKS_FOLDER_PATH}/GoogleToolboxForMac.framework",
				"${TARGET_BUILD_DIR}/${FRAMEWORKS_FOLDER_PATH}/leveldb.framework",
				"${TARGET_BUILD_DIR}/${FRAMEWORKS_FOLDER_PATH}/nanopb.framework",
			);
			runOnlyForDeploymentPostprocessing = 0;
			shellPath = /bin/sh;
			shellScript = "\"${SRCROOT}/Pods/Target Support Files/Pods-Go Fitness/Pods-Go Fitness-frameworks.sh\"\n";
			showEnvVarsInLog = 0;
		};
		E3065DA2B687F8E7734ECA4E /* [CP] Check Pods Manifest.lock */ = {
			isa = PBXShellScriptBuildPhase;
			buildActionMask = 2147483647;
			files = (
			);
			inputPaths = (
				"${PODS_PODFILE_DIR_PATH}/Podfile.lock",
				"${PODS_ROOT}/Manifest.lock",
			);
			name = "[CP] Check Pods Manifest.lock";
			outputPaths = (
				"$(DERIVED_FILE_DIR)/Pods-Go Fitness-checkManifestLockResult.txt",
			);
			runOnlyForDeploymentPostprocessing = 0;
			shellPath = /bin/sh;
			shellScript = "diff \"${PODS_PODFILE_DIR_PATH}/Podfile.lock\" \"${PODS_ROOT}/Manifest.lock\" > /dev/null\nif [ $? != 0 ] ; then\n    # print error to STDERR\n    echo \"error: The sandbox is not in sync with the Podfile.lock. Run 'pod install' or update your CocoaPods installation.\" >&2\n    exit 1\nfi\n# This output is used by Xcode 'outputs' to avoid re-running this script phase.\necho \"SUCCESS\" > \"${SCRIPT_OUTPUT_FILE_0}\"\n";
			showEnvVarsInLog = 0;
		};
/* End PBXShellScriptBuildPhase section */

/* Begin PBXSourcesBuildPhase section */
		B970E31D2062BF9700CA9265 /* Sources */ = {
			isa = PBXSourcesBuildPhase;
			buildActionMask = 2147483647;
			files = (
				B970E3532062C80400CA9265 /* SignUpViewController.swift in Sources */,
				B22C6CFC206AE8D000768BCC /* SearchViewController.swift in Sources */,
				B251BBA8206D97F500D944A4 /* VideosTableViewController.swift in Sources */,
				B2832DD120744ED00093418E /* CaloriesViewController.swift in Sources */,
				B26F0A29206F14AE003DD375 /* ProgressViewController.swift in Sources */,
				B970E3272062BF9800CA9265 /* SignInViewController.swift in Sources */,
				B2C5439C2072AEC2004CA05B /* Steps.swift in Sources */,
				B2A0F571206B04FB0012877B /* Place.swift in Sources */,
				B9D4147B20645CE4004A54B6 /* ProfileViewController.swift in Sources */,
				B22C6CF82069C2B500768BCC /* CalculateCalorie.swift in Sources */,
				B2A0F573206B06360012877B /* RecentPlacesDeck.swift in Sources */,
				B22C6CF62069BDDA00768BCC /* CalculateBMI.swift in Sources */,
				B2A0F576206D6AE50012877B /* WorkoutTableViewController.swift in Sources */,
				B254E2F22076B7C000FA77A8 /* AddCaloriesViewController.swift in Sources */,
				B2832DD3207458C80093418E /* Food.swift in Sources */,
				B970E3252062BF9800CA9265 /* AppDelegate.swift in Sources */,
				B251BBAA206D98B300D944A4 /* YoutubeDataTableViewCell.swift in Sources */,
			);
			runOnlyForDeploymentPostprocessing = 0;
		};
		B970E3312062BF9800CA9265 /* Sources */ = {
			isa = PBXSourcesBuildPhase;
			buildActionMask = 2147483647;
			files = (
				B970E33A2062BF9800CA9265 /* Go_FitnessTests.swift in Sources */,
			);
			runOnlyForDeploymentPostprocessing = 0;
		};
		B970E33C2062BF9800CA9265 /* Sources */ = {
			isa = PBXSourcesBuildPhase;
			buildActionMask = 2147483647;
			files = (
				B970E3452062BF9800CA9265 /* Go_FitnessUITests.swift in Sources */,
			);
			runOnlyForDeploymentPostprocessing = 0;
		};
/* End PBXSourcesBuildPhase section */

/* Begin PBXTargetDependency section */
		B970E3372062BF9800CA9265 /* PBXTargetDependency */ = {
			isa = PBXTargetDependency;
			target = B970E3202062BF9700CA9265 /* Go Fitness */;
			targetProxy = B970E3362062BF9800CA9265 /* PBXContainerItemProxy */;
		};
		B970E3422062BF9800CA9265 /* PBXTargetDependency */ = {
			isa = PBXTargetDependency;
			target = B970E3202062BF9700CA9265 /* Go Fitness */;
			targetProxy = B970E3412062BF9800CA9265 /* PBXContainerItemProxy */;
		};
/* End PBXTargetDependency section */

/* Begin PBXVariantGroup section */
		B970E3282062BF9800CA9265 /* Main.storyboard */ = {
			isa = PBXVariantGroup;
			children = (
				B970E3292062BF9800CA9265 /* Base */,
			);
			name = Main.storyboard;
			sourceTree = "<group>";
		};
		B970E32D2062BF9800CA9265 /* LaunchScreen.storyboard */ = {
			isa = PBXVariantGroup;
			children = (
				B970E32E2062BF9800CA9265 /* Base */,
			);
			name = LaunchScreen.storyboard;
			sourceTree = "<group>";
		};
/* End PBXVariantGroup section */

/* Begin XCBuildConfiguration section */
		B970E3472062BF9800CA9265 /* Debug */ = {
			isa = XCBuildConfiguration;
			buildSettings = {
				ALWAYS_SEARCH_USER_PATHS = NO;
				CLANG_ANALYZER_NONNULL = YES;
				CLANG_ANALYZER_NUMBER_OBJECT_CONVERSION = YES_AGGRESSIVE;
				CLANG_CXX_LANGUAGE_STANDARD = "gnu++14";
				CLANG_CXX_LIBRARY = "libc++";
				CLANG_ENABLE_MODULES = YES;
				CLANG_ENABLE_OBJC_ARC = YES;
				CLANG_WARN_BLOCK_CAPTURE_AUTORELEASING = YES;
				CLANG_WARN_BOOL_CONVERSION = YES;
				CLANG_WARN_COMMA = YES;
				CLANG_WARN_CONSTANT_CONVERSION = YES;
				CLANG_WARN_DIRECT_OBJC_ISA_USAGE = YES_ERROR;
				CLANG_WARN_DOCUMENTATION_COMMENTS = YES;
				CLANG_WARN_EMPTY_BODY = YES;
				CLANG_WARN_ENUM_CONVERSION = YES;
				CLANG_WARN_INFINITE_RECURSION = YES;
				CLANG_WARN_INT_CONVERSION = YES;
				CLANG_WARN_NON_LITERAL_NULL_CONVERSION = YES;
				CLANG_WARN_OBJC_LITERAL_CONVERSION = YES;
				CLANG_WARN_OBJC_ROOT_CLASS = YES_ERROR;
				CLANG_WARN_RANGE_LOOP_ANALYSIS = YES;
				CLANG_WARN_STRICT_PROTOTYPES = YES;
				CLANG_WARN_SUSPICIOUS_MOVE = YES;
				CLANG_WARN_UNGUARDED_AVAILABILITY = YES_AGGRESSIVE;
				CLANG_WARN_UNREACHABLE_CODE = YES;
				CLANG_WARN__DUPLICATE_METHOD_MATCH = YES;
				CODE_SIGN_IDENTITY = "iPhone Developer";
				COPY_PHASE_STRIP = NO;
				DEBUG_INFORMATION_FORMAT = dwarf;
				ENABLE_STRICT_OBJC_MSGSEND = YES;
				ENABLE_TESTABILITY = YES;
				GCC_C_LANGUAGE_STANDARD = gnu11;
				GCC_DYNAMIC_NO_PIC = NO;
				GCC_NO_COMMON_BLOCKS = YES;
				GCC_OPTIMIZATION_LEVEL = 0;
				GCC_PREPROCESSOR_DEFINITIONS = (
					"DEBUG=1",
					"$(inherited)",
				);
				GCC_WARN_64_TO_32_BIT_CONVERSION = YES;
				GCC_WARN_ABOUT_RETURN_TYPE = YES_ERROR;
				GCC_WARN_UNDECLARED_SELECTOR = YES;
				GCC_WARN_UNINITIALIZED_AUTOS = YES_AGGRESSIVE;
				GCC_WARN_UNUSED_FUNCTION = YES;
				GCC_WARN_UNUSED_VARIABLE = YES;
				IPHONEOS_DEPLOYMENT_TARGET = 11.2;
				MTL_ENABLE_DEBUG_INFO = YES;
				ONLY_ACTIVE_ARCH = YES;
				SDKROOT = iphoneos;
				SWIFT_ACTIVE_COMPILATION_CONDITIONS = DEBUG;
				SWIFT_OPTIMIZATION_LEVEL = "-Onone";
			};
			name = Debug;
		};
		B970E3482062BF9800CA9265 /* Release */ = {
			isa = XCBuildConfiguration;
			buildSettings = {
				ALWAYS_SEARCH_USER_PATHS = NO;
				CLANG_ANALYZER_NONNULL = YES;
				CLANG_ANALYZER_NUMBER_OBJECT_CONVERSION = YES_AGGRESSIVE;
				CLANG_CXX_LANGUAGE_STANDARD = "gnu++14";
				CLANG_CXX_LIBRARY = "libc++";
				CLANG_ENABLE_MODULES = YES;
				CLANG_ENABLE_OBJC_ARC = YES;
				CLANG_WARN_BLOCK_CAPTURE_AUTORELEASING = YES;
				CLANG_WARN_BOOL_CONVERSION = YES;
				CLANG_WARN_COMMA = YES;
				CLANG_WARN_CONSTANT_CONVERSION = YES;
				CLANG_WARN_DIRECT_OBJC_ISA_USAGE = YES_ERROR;
				CLANG_WARN_DOCUMENTATION_COMMENTS = YES;
				CLANG_WARN_EMPTY_BODY = YES;
				CLANG_WARN_ENUM_CONVERSION = YES;
				CLANG_WARN_INFINITE_RECURSION = YES;
				CLANG_WARN_INT_CONVERSION = YES;
				CLANG_WARN_NON_LITERAL_NULL_CONVERSION = YES;
				CLANG_WARN_OBJC_LITERAL_CONVERSION = YES;
				CLANG_WARN_OBJC_ROOT_CLASS = YES_ERROR;
				CLANG_WARN_RANGE_LOOP_ANALYSIS = YES;
				CLANG_WARN_STRICT_PROTOTYPES = YES;
				CLANG_WARN_SUSPICIOUS_MOVE = YES;
				CLANG_WARN_UNGUARDED_AVAILABILITY = YES_AGGRESSIVE;
				CLANG_WARN_UNREACHABLE_CODE = YES;
				CLANG_WARN__DUPLICATE_METHOD_MATCH = YES;
				CODE_SIGN_IDENTITY = "iPhone Developer";
				COPY_PHASE_STRIP = NO;
				DEBUG_INFORMATION_FORMAT = "dwarf-with-dsym";
				ENABLE_NS_ASSERTIONS = NO;
				ENABLE_STRICT_OBJC_MSGSEND = YES;
				GCC_C_LANGUAGE_STANDARD = gnu11;
				GCC_NO_COMMON_BLOCKS = YES;
				GCC_WARN_64_TO_32_BIT_CONVERSION = YES;
				GCC_WARN_ABOUT_RETURN_TYPE = YES_ERROR;
				GCC_WARN_UNDECLARED_SELECTOR = YES;
				GCC_WARN_UNINITIALIZED_AUTOS = YES_AGGRESSIVE;
				GCC_WARN_UNUSED_FUNCTION = YES;
				GCC_WARN_UNUSED_VARIABLE = YES;
				IPHONEOS_DEPLOYMENT_TARGET = 11.2;
				MTL_ENABLE_DEBUG_INFO = NO;
				SDKROOT = iphoneos;
				SWIFT_OPTIMIZATION_LEVEL = "-Owholemodule";
				VALIDATE_PRODUCT = YES;
			};
			name = Release;
		};
		B970E34A2062BF9800CA9265 /* Debug */ = {
			isa = XCBuildConfiguration;
			baseConfigurationReference = 487E2F41835F350F379A8A11 /* Pods-Go Fitness.debug.xcconfig */;
			buildSettings = {
				ASSETCATALOG_COMPILER_APPICON_NAME = AppIcon;
				CODE_SIGN_STYLE = Automatic;
				DEVELOPMENT_TEAM = R59RLQ7926;
				INFOPLIST_FILE = "Go Fitness/Info.plist";
				LD_RUNPATH_SEARCH_PATHS = "$(inherited) @executable_path/Frameworks";
				PRODUCT_BUNDLE_IDENTIFIER = jkhalil.amalik.wlu.ca.GoFitness;
				PRODUCT_NAME = "$(TARGET_NAME)";
				SWIFT_VERSION = 4.0;
				TARGETED_DEVICE_FAMILY = "1,2";
			};
			name = Debug;
		};
		B970E34B2062BF9800CA9265 /* Release */ = {
			isa = XCBuildConfiguration;
			baseConfigurationReference = 2CEEA7BE64F1119CD48B7773 /* Pods-Go Fitness.release.xcconfig */;
			buildSettings = {
				ASSETCATALOG_COMPILER_APPICON_NAME = AppIcon;
				CODE_SIGN_STYLE = Automatic;
				DEVELOPMENT_TEAM = R59RLQ7926;
				INFOPLIST_FILE = "Go Fitness/Info.plist";
				LD_RUNPATH_SEARCH_PATHS = "$(inherited) @executable_path/Frameworks";
				PRODUCT_BUNDLE_IDENTIFIER = jkhalil.amalik.wlu.ca.GoFitness;
				PRODUCT_NAME = "$(TARGET_NAME)";
				SWIFT_VERSION = 4.0;
				TARGETED_DEVICE_FAMILY = "1,2";
			};
			name = Release;
		};
		B970E34D2062BF9800CA9265 /* Debug */ = {
			isa = XCBuildConfiguration;
			baseConfigurationReference = 8DC1D76C40282C802CC7FA1F /* Pods-Go FitnessTests.debug.xcconfig */;
			buildSettings = {
				ALWAYS_EMBED_SWIFT_STANDARD_LIBRARIES = YES;
				BUNDLE_LOADER = "$(TEST_HOST)";
				CODE_SIGN_STYLE = Automatic;
				INFOPLIST_FILE = "Go FitnessTests/Info.plist";
				LD_RUNPATH_SEARCH_PATHS = "$(inherited) @executable_path/Frameworks @loader_path/Frameworks";
				PRODUCT_BUNDLE_IDENTIFIER = "jkhalil.amalik.wlu.ca.Go-FitnessTests";
				PRODUCT_NAME = "$(TARGET_NAME)";
				SWIFT_VERSION = 4.0;
				TARGETED_DEVICE_FAMILY = "1,2";
				TEST_HOST = "$(BUILT_PRODUCTS_DIR)/Go Fitness.app/Go Fitness";
			};
			name = Debug;
		};
		B970E34E2062BF9800CA9265 /* Release */ = {
			isa = XCBuildConfiguration;
			baseConfigurationReference = 757BCF6852CD351BF39416DA /* Pods-Go FitnessTests.release.xcconfig */;
			buildSettings = {
				ALWAYS_EMBED_SWIFT_STANDARD_LIBRARIES = YES;
				BUNDLE_LOADER = "$(TEST_HOST)";
				CODE_SIGN_STYLE = Automatic;
				INFOPLIST_FILE = "Go FitnessTests/Info.plist";
				LD_RUNPATH_SEARCH_PATHS = "$(inherited) @executable_path/Frameworks @loader_path/Frameworks";
				PRODUCT_BUNDLE_IDENTIFIER = "jkhalil.amalik.wlu.ca.Go-FitnessTests";
				PRODUCT_NAME = "$(TARGET_NAME)";
				SWIFT_VERSION = 4.0;
				TARGETED_DEVICE_FAMILY = "1,2";
				TEST_HOST = "$(BUILT_PRODUCTS_DIR)/Go Fitness.app/Go Fitness";
			};
			name = Release;
		};
		B970E3502062BF9800CA9265 /* Debug */ = {
			isa = XCBuildConfiguration;
			baseConfigurationReference = 2087DA9D028FFA8F4FC5A75D /* Pods-Go FitnessUITests.debug.xcconfig */;
			buildSettings = {
				ALWAYS_EMBED_SWIFT_STANDARD_LIBRARIES = YES;
				CODE_SIGN_STYLE = Automatic;
				INFOPLIST_FILE = "Go FitnessUITests/Info.plist";
				LD_RUNPATH_SEARCH_PATHS = "$(inherited) @executable_path/Frameworks @loader_path/Frameworks";
				PRODUCT_BUNDLE_IDENTIFIER = "jkhalil.amalik.wlu.ca.Go-FitnessUITests";
				PRODUCT_NAME = "$(TARGET_NAME)";
				SWIFT_VERSION = 4.0;
				TARGETED_DEVICE_FAMILY = "1,2";
				TEST_TARGET_NAME = "Go Fitness";
			};
			name = Debug;
		};
		B970E3512062BF9800CA9265 /* Release */ = {
			isa = XCBuildConfiguration;
			baseConfigurationReference = ECD368AC98BC5AC5F76C7178 /* Pods-Go FitnessUITests.release.xcconfig */;
			buildSettings = {
				ALWAYS_EMBED_SWIFT_STANDARD_LIBRARIES = YES;
				CODE_SIGN_STYLE = Automatic;
				INFOPLIST_FILE = "Go FitnessUITests/Info.plist";
				LD_RUNPATH_SEARCH_PATHS = "$(inherited) @executable_path/Frameworks @loader_path/Frameworks";
				PRODUCT_BUNDLE_IDENTIFIER = "jkhalil.amalik.wlu.ca.Go-FitnessUITests";
				PRODUCT_NAME = "$(TARGET_NAME)";
				SWIFT_VERSION = 4.0;
				TARGETED_DEVICE_FAMILY = "1,2";
				TEST_TARGET_NAME = "Go Fitness";
			};
			name = Release;
		};
/* End XCBuildConfiguration section */

/* Begin XCConfigurationList section */
		B970E31C2062BF9700CA9265 /* Build configuration list for PBXProject "Go Fitness" */ = {
			isa = XCConfigurationList;
			buildConfigurations = (
				B970E3472062BF9800CA9265 /* Debug */,
				B970E3482062BF9800CA9265 /* Release */,
			);
			defaultConfigurationIsVisible = 0;
			defaultConfigurationName = Release;
		};
		B970E3492062BF9800CA9265 /* Build configuration list for PBXNativeTarget "Go Fitness" */ = {
			isa = XCConfigurationList;
			buildConfigurations = (
				B970E34A2062BF9800CA9265 /* Debug */,
				B970E34B2062BF9800CA9265 /* Release */,
			);
			defaultConfigurationIsVisible = 0;
			defaultConfigurationName = Release;
		};
		B970E34C2062BF9800CA9265 /* Build configuration list for PBXNativeTarget "Go FitnessTests" */ = {
			isa = XCConfigurationList;
			buildConfigurations = (
				B970E34D2062BF9800CA9265 /* Debug */,
				B970E34E2062BF9800CA9265 /* Release */,
			);
			defaultConfigurationIsVisible = 0;
			defaultConfigurationName = Release;
		};
		B970E34F2062BF9800CA9265 /* Build configuration list for PBXNativeTarget "Go FitnessUITests" */ = {
			isa = XCConfigurationList;
			buildConfigurations = (
				B970E3502062BF9800CA9265 /* Debug */,
				B970E3512062BF9800CA9265 /* Release */,
			);
			defaultConfigurationIsVisible = 0;
			defaultConfigurationName = Release;
		};
/* End XCConfigurationList section */
	};
	rootObject = B970E3192062BF9700CA9265 /* Project object */;
}
